
Microsoft Visual Studio Solution File, Format Version 12.00
Project("{FAE04EC0-301F-11D3-BF4B-00C04F79EFBC}") = "WebApplication1", "WebApplication1\WebApplication1.csproj", "{9725C7DD-F343-4F50-95DB-8AA7A86DCF3C}"
EndProject
Project("{2150E333-8FDC-42A3-9474-1A3956D46DE8}") = "Solution Items", "Solution Items", "{9C4A9A11-6D27-47D0-BBE2-CE94199C2487}"
	ProjectSection(SolutionItems) = preProject
		docker-compose.yml = docker-compose.yml
	EndProjectSection
EndProject
Global
	GlobalSection(SolutionConfigurationPlatforms) = preSolution
		Debug|Any CPU = Debug|Any CPU
		Release|Any CPU = Release|Any CPU
	EndGlobalSection
	GlobalSection(ProjectConfigurationPlatforms) = postSolution
		{9725C7DD-F343-4F50-95DB-8AA7A86DCF3C}.Debug|Any CPU.ActiveCfg = Debug|Any CPU
		{9725C7DD-F343-4F50-95DB-8AA7A86DCF3C}.Debug|Any CPU.Build.0 = Debug|Any CPU
		{9725C7DD-F343-4F50-95DB-8AA7A86DCF3C}.Release|Any CPU.ActiveCfg = Release|Any CPU
		{9725C7DD-F343-4F50-95DB-8AA7A86DCF3C}.Release|Any CPU.Build.0 = Release|Any CPU
	EndGlobalSection
EndGlobal
